Microsoft Visual Studio Solution File, Format Version 12.00
# Visual Studio Version 17
VisualStudioVersion = 17.5.2.0
MinimumVisualStudioVersion = 10.0.40219.1
Project("{2150E333-8FDC-42A3-9474-1A3956D46DE8}") = "apps", "apps", "{1787FE1D-075E-9E68-7218-25F1BD1BBEAB}"
EndProject
Project("{2150E333-8FDC-42A3-9474-1A3956D46DE8}") = "Portfolio.Api", "Portfolio.Api", "{97FEC258-45FE-3224-F4C9-AFB60C935DDE}"
EndProject
Project("{FAE04EC0-301F-11D3-BF4B-00C04F79EFBC}") = "Api", "apps\Portfolio.Api\Api.csproj", "{6A3E6368-8636-5CA8-E175-F0150BF506A3}"
EndProject
Project("{2150E333-8FDC-42A3-9474-1A3956D46DE8}") = "Portfolio.DataAccess", "Portfolio.DataAccess", "{C97F87F8-FE77-0E9F-173B-B574642CD623}"
EndProject
Project("{FAE04EC0-301F-11D3-BF4B-00C04F79EFBC}") = "DataAccess", "apps\Portfolio.DataAccess\DataAccess.csproj", "{E167A7F7-0F8B-230E-7063-2B7B5CA0E6C3}"
EndProject
Global
	GlobalSection(SolutionConfigurationPlatforms) = preSolution
		Debug|Any CPU = Debug|Any CPU
		Release|Any CPU = Release|Any CPU
	EndGlobalSection
	GlobalSection(ProjectConfigurationPlatforms) = postSolution
		{6A3E6368-8636-5CA8-E175-F0150BF506A3}.Debug|Any CPU.ActiveCfg = Debug|Any CPU
		{6A3E6368-8636-5CA8-E175-F0150BF506A3}.Debug|Any CPU.Build.0 = Debug|Any CPU
		{6A3E6368-8636-5CA8-E175-F0150BF506A3}.Release|Any CPU.ActiveCfg = Release|Any CPU
		{6A3E6368-8636-5CA8-E175-F0150BF506A3}.Release|Any CPU.Build.0 = Release|Any CPU
		{E167A7F7-0F8B-230E-7063-2B7B5CA0E6C3}.Debug|Any CPU.ActiveCfg = Debug|Any CPU
		{E167A7F7-0F8B-230E-7063-2B7B5CA0E6C3}.Debug|Any CPU.Build.0 = Debug|Any CPU
		{E167A7F7-0F8B-230E-7063-2B7B5CA0E6C3}.Release|Any CPU.ActiveCfg = Release|Any CPU
		{E167A7F7-0F8B-230E-7063-2B7B5CA0E6C3}.Release|Any CPU.Build.0 = Release|Any CPU
	EndGlobalSection
	GlobalSection(SolutionProperties) = preSolution
		HideSolutionNode = FALSE
	EndGlobalSection
	GlobalSection(NestedProjects) = preSolution
		{97FEC258-45FE-3224-F4C9-AFB60C935DDE} = {1787FE1D-075E-9E68-7218-25F1BD1BBEAB}
		{6A3E6368-8636-5CA8-E175-F0150BF506A3} = {97FEC258-45FE-3224-F4C9-AFB60C935DDE}
		{C97F87F8-FE77-0E9F-173B-B574642CD623} = {1787FE1D-075E-9E68-7218-25F1BD1BBEAB}
		{E167A7F7-0F8B-230E-7063-2B7B5CA0E6C3} = {C97F87F8-FE77-0E9F-173B-B574642CD623}
	EndGlobalSection
	GlobalSection(ExtensibilityGlobals) = postSolution
		SolutionGuid = {130BCDFA-1B51-458B-9558-97597B7054B2}
	EndGlobalSection
EndGlobal
