Microsoft Visual Studio Solution File, Format Version 12.00
# Visual Studio Version 17
VisualStudioVersion = 17.5.2.0
MinimumVisualStudioVersion = 10.0.40219.1
Project("{2150E333-8FDC-42A3-9474-1A3956D46DE8}") = "Portfolio.Api", "Portfolio.Api", "{3602CD2D-EA4F-FE9F-BFDA-B3E199D165E0}"
EndProject
Project("{FAE04EC0-301F-11D3-BF4B-00C04F79EFBC}") = "Api", "Portfolio.Api\Api.csproj", "{5046D264-1855-59C4-660F-33B58ABFB7CB}"
EndProject
Global
	GlobalSection(SolutionConfigurationPlatforms) = preSolution
		Debug|Any CPU = Debug|Any CPU
		Release|Any CPU = Release|Any CPU
	EndGlobalSection
	GlobalSection(ProjectConfigurationPlatforms) = postSolution
		{5046D264-1855-59C4-660F-33B58ABFB7CB}.Debug|Any CPU.ActiveCfg = Debug|Any CPU
		{5046D264-1855-59C4-660F-33B58ABFB7CB}.Debug|Any CPU.Build.0 = Debug|Any CPU
		{5046D264-1855-59C4-660F-33B58ABFB7CB}.Release|Any CPU.ActiveCfg = Release|Any CPU
		{5046D264-1855-59C4-660F-33B58ABFB7CB}.Release|Any CPU.Build.0 = Release|Any CPU
	EndGlobalSection
	GlobalSection(SolutionProperties) = preSolution
		HideSolutionNode = FALSE
	EndGlobalSection
	GlobalSection(NestedProjects) = preSolution
		{5046D264-1855-59C4-660F-33B58ABFB7CB} = {3602CD2D-EA4F-FE9F-BFDA-B3E199D165E0}
	EndGlobalSection
	GlobalSection(ExtensibilityGlobals) = postSolution
		SolutionGuid = {1C96E59F-992A-49F4-9573-EC104595A690}
	EndGlobalSection
EndGlobal
